
Microsoft Visual Studio Solution File, Format Version 12.00
# Visual Studio Version 17
VisualStudioVersion = 17.7.34221.43
MinimumVisualStudioVersion = 10.0.40219.1
Project("{FAE04EC0-301F-11D3-BF4B-00C04F79EFBC}") = "1. EnglishNameOfEachDigit", "1. EnglishNameOfEachDigit\1. EnglishNameOfEachDigit.csproj", "{D029BB4B-CFCF-4240-AC01-20B92CFB4B0D}"
EndProject
Project("{FAE04EC0-301F-11D3-BF4B-00C04F79EFBC}") = "02. AverageLastElements", "02. AverageLastElements\02. AverageLastElements.csproj", "{475FA17A-4ABB-4DCA-92E8-09B8BD1B0012}"
EndProject
Global
	GlobalSection(SolutionConfigurationPlatforms) = preSolution
		Debug|Any CPU = Debug|Any CPU
		Release|Any CPU = Release|Any CPU
	EndGlobalSection
	GlobalSection(ProjectConfigurationPlatforms) = postSolution
		{D029BB4B-CFCF-4240-AC01-20B92CFB4B0D}.Debug|Any CPU.ActiveCfg = Debug|Any CPU
		{D029BB4B-CFCF-4240-AC01-20B92CFB4B0D}.Debug|Any CPU.Build.0 = Debug|Any CPU
		{D029BB4B-CFCF-4240-AC01-20B92CFB4B0D}.Release|Any CPU.ActiveCfg = Release|Any CPU
		{D029BB4B-CFCF-4240-AC01-20B92CFB4B0D}.Release|Any CPU.Build.0 = Release|Any CPU
		{475FA17A-4ABB-4DCA-92E8-09B8BD1B0012}.Debug|Any CPU.ActiveCfg = Debug|Any CPU
		{475FA17A-4ABB-4DCA-92E8-09B8BD1B0012}.Debug|Any CPU.Build.0 = Debug|Any CPU
		{475FA17A-4ABB-4DCA-92E8-09B8BD1B0012}.Release|Any CPU.ActiveCfg = Release|Any CPU
		{475FA17A-4ABB-4DCA-92E8-09B8BD1B0012}.Release|Any CPU.Build.0 = Release|Any CPU
	EndGlobalSection
	GlobalSection(SolutionProperties) = preSolution
		HideSolutionNode = FALSE
	EndGlobalSection
	GlobalSection(ExtensibilityGlobals) = postSolution
		SolutionGuid = {E7B0625B-77CE-4119-BEDA-BD7284D07079}
	EndGlobalSection
EndGlobal
