
Microsoft Visual Studio Solution File, Format Version 12.00
# Visual Studio Version 16
VisualStudioVersion = 16.0.31313.79
MinimumVisualStudioVersion = 10.0.40219.1
Project("{FAE04EC0-301F-11D3-BF4B-00C04F79EFBC}") = "01.Cinema", "01.Cinema\01.Cinema.csproj", "{25F4D2EB-A439-411B-AC90-CF2018CB3674}"
EndProject
Project("{FAE04EC0-301F-11D3-BF4B-00C04F79EFBC}") = "02.SummerOutfit", "02.SummerOutfit\02.SummerOutfit.csproj", "{542DDCF5-94CE-4C6F-8D62-F01251E64DC0}"
EndProject
Project("{FAE04EC0-301F-11D3-BF4B-00C04F79EFBC}") = "03.NewHouse", "03.NewHouse\03.NewHouse.csproj", "{D2C2F8BF-52C1-44F5-8EF8-527C43E2C5D7}"
EndProject
Project("{FAE04EC0-301F-11D3-BF4B-00C04F79EFBC}") = "04.FishingBoat", "04.FishingBoat\04.FishingBoat.csproj", "{5D24BE70-4CEC-41F4-99B2-60E00325F7BF}"
EndProject
Project("{FAE04EC0-301F-11D3-BF4B-00C04F79EFBC}") = "05.Journey", "05.Journey\05.Journey.csproj", "{ED8B52B4-83B5-47D4-BBC0-BBE8A81DC5A8}"
EndProject
Project("{FAE04EC0-301F-11D3-BF4B-00C04F79EFBC}") = "06.OperationsBetweenNumbers", "06.OperationsBetweenNumbers\06.OperationsBetweenNumbers.csproj", "{8E3613D0-4DA7-4738-8A16-C11E1E15111B}"
EndProject
Project("{FAE04EC0-301F-11D3-BF4B-00C04F79EFBC}") = "07.HotelRoom", "07.HotelRoom\07.HotelRoom.csproj", "{05B17466-016F-4B5D-8080-58EDD10E7BD0}"
EndProject
Project("{FAE04EC0-301F-11D3-BF4B-00C04F79EFBC}") = "08.OnTimeForTheExam", "08.OnTimeForTheExam\08.OnTimeForTheExam.csproj", "{62B99019-4FC4-479F-B1FB-B84E92271437}"
EndProject
Project("{FAE04EC0-301F-11D3-BF4B-00C04F79EFBC}") = "9.Volleybal", "9.Volleybal\9.Volleybal.csproj", "{C6284869-1409-4580-AF5A-7B9629750D0B}"
EndProject
Global
	GlobalSection(SolutionConfigurationPlatforms) = preSolution
		Debug|Any CPU = Debug|Any CPU
		Release|Any CPU = Release|Any CPU
	EndGlobalSection
	GlobalSection(ProjectConfigurationPlatforms) = postSolution
		{25F4D2EB-A439-411B-AC90-CF2018CB3674}.Debug|Any CPU.ActiveCfg = Debug|Any CPU
		{25F4D2EB-A439-411B-AC90-CF2018CB3674}.Debug|Any CPU.Build.0 = Debug|Any CPU
		{25F4D2EB-A439-411B-AC90-CF2018CB3674}.Release|Any CPU.ActiveCfg = Release|Any CPU
		{25F4D2EB-A439-411B-AC90-CF2018CB3674}.Release|Any CPU.Build.0 = Release|Any CPU
		{542DDCF5-94CE-4C6F-8D62-F01251E64DC0}.Debug|Any CPU.ActiveCfg = Debug|Any CPU
		{542DDCF5-94CE-4C6F-8D62-F01251E64DC0}.Debug|Any CPU.Build.0 = Debug|Any CPU
		{542DDCF5-94CE-4C6F-8D62-F01251E64DC0}.Release|Any CPU.ActiveCfg = Release|Any CPU
		{542DDCF5-94CE-4C6F-8D62-F01251E64DC0}.Release|Any CPU.Build.0 = Release|Any CPU
		{D2C2F8BF-52C1-44F5-8EF8-527C43E2C5D7}.Debug|Any CPU.ActiveCfg = Debug|Any CPU
		{D2C2F8BF-52C1-44F5-8EF8-527C43E2C5D7}.Debug|Any CPU.Build.0 = Debug|Any CPU
		{D2C2F8BF-52C1-44F5-8EF8-527C43E2C5D7}.Release|Any CPU.ActiveCfg = Release|Any CPU
		{D2C2F8BF-52C1-44F5-8EF8-527C43E2C5D7}.Release|Any CPU.Build.0 = Release|Any CPU
		{5D24BE70-4CEC-41F4-99B2-60E00325F7BF}.Debug|Any CPU.ActiveCfg = Debug|Any CPU
		{5D24BE70-4CEC-41F4-99B2-60E00325F7BF}.Debug|Any CPU.Build.0 = Debug|Any CPU
		{5D24BE70-4CEC-41F4-99B2-60E00325F7BF}.Release|Any CPU.ActiveCfg = Release|Any CPU
		{5D24BE70-4CEC-41F4-99B2-60E00325F7BF}.Release|Any CPU.Build.0 = Release|Any CPU
		{ED8B52B4-83B5-47D4-BBC0-BBE8A81DC5A8}.Debug|Any CPU.ActiveCfg = Debug|Any CPU
		{ED8B52B4-83B5-47D4-BBC0-BBE8A81DC5A8}.Debug|Any CPU.Build.0 = Debug|Any CPU
		{ED8B52B4-83B5-47D4-BBC0-BBE8A81DC5A8}.Release|Any CPU.ActiveCfg = Release|Any CPU
		{ED8B52B4-83B5-47D4-BBC0-BBE8A81DC5A8}.Release|Any CPU.Build.0 = Release|Any CPU
		{8E3613D0-4DA7-4738-8A16-C11E1E15111B}.Debug|Any CPU.ActiveCfg = Debug|Any CPU
		{8E3613D0-4DA7-4738-8A16-C11E1E15111B}.Debug|Any CPU.Build.0 = Debug|Any CPU
		{8E3613D0-4DA7-4738-8A16-C11E1E15111B}.Release|Any CPU.ActiveCfg = Release|Any CPU
		{8E3613D0-4DA7-4738-8A16-C11E1E15111B}.Release|Any CPU.Build.0 = Release|Any CPU
		{05B17466-016F-4B5D-8080-58EDD10E7BD0}.Debug|Any CPU.ActiveCfg = Debug|Any CPU
		{05B17466-016F-4B5D-8080-58EDD10E7BD0}.Debug|Any CPU.Build.0 = Debug|Any CPU
		{05B17466-016F-4B5D-8080-58EDD10E7BD0}.Release|Any CPU.ActiveCfg = Release|Any CPU
		{05B17466-016F-4B5D-8080-58EDD10E7BD0}.Release|Any CPU.Build.0 = Release|Any CPU
		{62B99019-4FC4-479F-B1FB-B84E92271437}.Debug|Any CPU.ActiveCfg = Debug|Any CPU
		{62B99019-4FC4-479F-B1FB-B84E92271437}.Debug|Any CPU.Build.0 = Debug|Any CPU
		{62B99019-4FC4-479F-B1FB-B84E92271437}.Release|Any CPU.ActiveCfg = Release|Any CPU
		{62B99019-4FC4-479F-B1FB-B84E92271437}.Release|Any CPU.Build.0 = Release|Any CPU
		{C6284869-1409-4580-AF5A-7B9629750D0B}.Debug|Any CPU.ActiveCfg = Debug|Any CPU
		{C6284869-1409-4580-AF5A-7B9629750D0B}.Debug|Any CPU.Build.0 = Debug|Any CPU
		{C6284869-1409-4580-AF5A-7B9629750D0B}.Release|Any CPU.ActiveCfg = Release|Any CPU
		{C6284869-1409-4580-AF5A-7B9629750D0B}.Release|Any CPU.Build.0 = Release|Any CPU
	EndGlobalSection
	GlobalSection(SolutionProperties) = preSolution
		HideSolutionNode = FALSE
	EndGlobalSection
	GlobalSection(ExtensibilityGlobals) = postSolution
		SolutionGuid = {8726ACE3-4F26-4970-A416-7D2B2566F34D}
	EndGlobalSection
EndGlobal
